get_data:
  cmd: python get_data.py
  deps:
  - path: get_data.py
    md5: 4c94d8c93927d9f4f56f99fb943236e8
    size: 166
  outs:
  - path: haberman.csv
    md5: 867c77f6a99090e1af91510211f8b68c
    size: 3103
process_data:
  cmd: python process_data.py
  deps:
  - path: haberman.csv
    md5: 867c77f6a99090e1af91510211f8b68c
    size: 3103
  - path: process_data.py
    md5: 60333117072711b3a152aaa42565bbac
    size: 379
  outs:
  - path: haberman_processed.csv
    md5: f4187b5e2d213d442bde7b3274cb9f68
    size: 4545
train_data:
  cmd: python train_data.py
  deps:
  - path: haberman_processed.csv
    md5: f4187b5e2d213d442bde7b3274cb9f68
    size: 4545
  - path: train_data.py
    md5: f49a806efd03f05d1e826dd67ab4a786
    size: 1247
  params:
    params.yaml:
      cv: 7
      solver: liblinear
  outs:
  - path: final_model.sav
    md5: 9dea20b3b6ef1af445348ada4b6ba474
    size: 200
  - path: metrics.json
    md5: 475688c4fd09bdff750bacfcb2aa1378
    size: 102
